
Microsoft Visual Studio Solution File, Format Version 12.00
# Visual Studio 15
VisualStudioVersion = 15.0.26403.7
MinimumVisualStudioVersion = 10.0.40219.1
Project("{FAE04EC0-301F-11D3-BF4B-00C04F79EFBC}") = "SignaturePadDemo.Android", "SignaturePadDemo\SignaturePadDemo.Android\SignaturePadDemo.Android.csproj", "{F875E26B-4775-4E62-AB2E-1487F6CE7AF3}"
EndProject
Project("{FAE04EC0-301F-11D3-BF4B-00C04F79EFBC}") = "SignaturePadDemo", "SignaturePadDemo\SignaturePadDemo\SignaturePadDemo.csproj", "{6F7F209D-16D0-401F-A9B7-BE3ED86FCE7A}"
EndProject
Project("{FAE04EC0-301F-11D3-BF4B-00C04F79EFBC}") = "SignaturePadDemo.UWP", "SignaturePadDemo\SignaturePadDemo.UWP\SignaturePadDemo.UWP.csproj", "{9E34CFB5-C624-42F8-91E8-8B47FE4743C6}"
EndProject
Project("{FAE04EC0-301F-11D3-BF4B-00C04F79EFBC}") = "SignaturePadDemo.iOS", "SignaturePadDemo\SignaturePadDemo.iOS\SignaturePadDemo.iOS.csproj", "{3969A52B-29F1-4EC6-BBF2-A5F9C747D563}"
EndProject
Global
	GlobalSection(SolutionConfigurationPlatforms) = preSolution
		Ad-Hoc|Any CPU = Ad-Hoc|Any CPU
		Ad-Hoc|ARM = Ad-Hoc|ARM
		Ad-Hoc|iPhone = Ad-Hoc|iPhone
		Ad-Hoc|iPhoneSimulator = Ad-Hoc|iPhoneSimulator
		Ad-Hoc|x64 = Ad-Hoc|x64
		Ad-Hoc|x86 = Ad-Hoc|x86
		AppStore|Any CPU = AppStore|Any CPU
		AppStore|ARM = AppStore|ARM
		AppStore|iPhone = AppStore|iPhone
		AppStore|iPhoneSimulator = AppStore|iPhoneSimulator
		AppStore|x64 = AppStore|x64
		AppStore|x86 = AppStore|x86
		Debug|Any CPU = Debug|Any CPU
		Debug|ARM = Debug|ARM
		Debug|iPhone = Debug|iPhone
		Debug|iPhoneSimulator = Debug|iPhoneSimulator
		Debug|x64 = Debug|x64
		Debug|x86 = Debug|x86
		Release|Any CPU = Release|Any CPU
		Release|ARM = Release|ARM
		Release|iPhone = Release|iPhone
		Release|iPhoneSimulator = Release|iPhoneSimulator
		Release|x64 = Release|x64
		Release|x86 = Release|x86
	EndGlobalSection
	GlobalSection(ProjectConfigurationPlatforms) = postSolution
		{F875E26B-4775-4E62-AB2E-1487F6CE7AF3}.Ad-Hoc|Any CPU.ActiveCfg = Release|Any CPU
		{F875E26B-4775-4E62-AB2E-1487F6CE7AF3}.Ad-Hoc|Any CPU.Build.0 = Release|Any CPU
		{F875E26B-4775-4E62-AB2E-1487F6CE7AF3}.Ad-Hoc|Any CPU.Deploy.0 = Release|Any CPU
		{F875E26B-4775-4E62-AB2E-1487F6CE7AF3}.Ad-Hoc|ARM.ActiveCfg = Release|Any CPU
		{F875E26B-4775-4E62-AB2E-1487F6CE7AF3}.Ad-Hoc|ARM.Build.0 = Release|Any CPU
		{F875E26B-4775-4E62-AB2E-1487F6CE7AF3}.Ad-Hoc|ARM.Deploy.0 = Release|Any CPU
		{F875E26B-4775-4E62-AB2E-1487F6CE7AF3}.Ad-Hoc|iPhone.ActiveCfg = Release|Any CPU
		{F875E26B-4775-4E62-AB2E-1487F6CE7AF3}.Ad-Hoc|iPhone.Build.0 = Release|Any CPU
		{F875E26B-4775-4E62-AB2E-1487F6CE7AF3}.Ad-Hoc|iPhone.Deploy.0 = Release|Any CPU
		{F875E26B-4775-4E62-AB2E-1487F6CE7AF3}.Ad-Hoc|iPhoneSimulator.ActiveCfg = Release|Any CPU
		{F875E26B-4775-4E62-AB2E-1487F6CE7AF3}.Ad-Hoc|iPhoneSimulator.Build.0 = Release|Any CPU
		{F875E26B-4775-4E62-AB2E-1487F6CE7AF3}.Ad-Hoc|iPhoneSimulator.Deploy.0 = Release|Any CPU
		{F875E26B-4775-4E62-AB2E-1487F6CE7AF3}.Ad-Hoc|x64.ActiveCfg = Release|Any CPU
		{F875E26B-4775-4E62-AB2E-1487F6CE7AF3}.Ad-Hoc|x64.Build.0 = Release|Any CPU
		{F875E26B-4775-4E62-AB2E-1487F6CE7AF3}.Ad-Hoc|x64.Deploy.0 = Release|Any CPU
		{F875E26B-4775-4E62-AB2E-1487F6CE7AF3}.Ad-Hoc|x86.ActiveCfg = Release|Any CPU
		{F875E26B-4775-4E62-AB2E-1487F6CE7AF3}.Ad-Hoc|x86.Build.0 = Release|Any CPU
		{F875E26B-4775-4E62-AB2E-1487F6CE7AF3}.Ad-Hoc|x86.Deploy.0 = Release|Any CPU
		{F875E26B-4775-4E62-AB2E-1487F6CE7AF3}.AppStore|Any CPU.ActiveCfg = Release|Any CPU
		{F875E26B-4775-4E62-AB2E-1487F6CE7AF3}.AppStore|Any CPU.Build.0 = Release|Any CPU
		{F875E26B-4775-4E62-AB2E-1487F6CE7AF3}.AppStore|Any CPU.Deploy.0 = Release|Any CPU
		{F875E26B-4775-4E62-AB2E-1487F6CE7AF3}.AppStore|ARM.ActiveCfg = Release|Any CPU
		{F875E26B-4775-4E62-AB2E-1487F6CE7AF3}.AppStore|ARM.Build.0 = Release|Any CPU
		{F875E26B-4775-4E62-AB2E-1487F6CE7AF3}.AppStore|ARM.Deploy.0 = Release|Any CPU
		{F875E26B-4775-4E62-AB2E-1487F6CE7AF3}.AppStore|iPhone.ActiveCfg = Release|Any CPU
		{F875E26B-4775-4E62-AB2E-1487F6CE7AF3}.AppStore|iPhone.Build.0 = Release|Any CPU
		{F875E26B-4775-4E62-AB2E-1487F6CE7AF3}.AppStore|iPhone.Deploy.0 = Release|Any CPU
		{F875E26B-4775-4E62-AB2E-1487F6CE7AF3}.AppStore|iPhoneSimulator.ActiveCfg = Release|Any CPU
		{F875E26B-4775-4E62-AB2E-1487F6CE7AF3}.AppStore|iPhoneSimulator.Build.0 = Release|Any CPU
		{F875E26B-4775-4E62-AB2E-1487F6CE7AF3}.AppStore|iPhoneSimulator.Deploy.0 = Release|Any CPU
		{F875E26B-4775-4E62-AB2E-1487F6CE7AF3}.AppStore|x64.ActiveCfg = Release|Any CPU
		{F875E26B-4775-4E62-AB2E-1487F6CE7AF3}.AppStore|x64.Build.0 = Release|Any CPU
		{F875E26B-4775-4E62-AB2E-1487F6CE7AF3}.AppStore|x64.Deploy.0 = Release|Any CPU
		{F875E26B-4775-4E62-AB2E-1487F6CE7AF3}.AppStore|x86.ActiveCfg = Release|Any CPU
		{F875E26B-4775-4E62-AB2E-1487F6CE7AF3}.AppStore|x86.Build.0 = Release|Any CPU
		{F875E26B-4775-4E62-AB2E-1487F6CE7AF3}.AppStore|x86.Deploy.0 = Release|Any CPU
		{F875E26B-4775-4E62-AB2E-1487F6CE7AF3}.Debug|Any CPU.ActiveCfg = Debug|Any CPU
		{F875E26B-4775-4E62-AB2E-1487F6CE7AF3}.Debug|Any CPU.Build.0 = Debug|Any CPU
		{F875E26B-4775-4E62-AB2E-1487F6CE7AF3}.Debug|Any CPU.Deploy.0 = Debug|Any CPU
		{F875E26B-4775-4E62-AB2E-1487F6CE7AF3}.Debug|ARM.ActiveCfg = Debug|Any CPU
		{F875E26B-4775-4E62-AB2E-1487F6CE7AF3}.Debug|ARM.Build.0 = Debug|Any CPU
		{F875E26B-4775-4E62-AB2E-1487F6CE7AF3}.Debug|ARM.Deploy.0 = Debug|Any CPU
		{F875E26B-4775-4E62-AB2E-1487F6CE7AF3}.Debug|iPhone.ActiveCfg = Debug|Any CPU
		{F875E26B-4775-4E62-AB2E-1487F6CE7AF3}.Debug|iPhone.Build.0 = Debug|Any CPU
		{F875E26B-4775-4E62-AB2E-1487F6CE7AF3}.Debug|iPhone.Deploy.0 = Debug|Any CPU
		{F875E26B-4775-4E62-AB2E-1487F6CE7AF3}.Debug|iPhoneSimulator.ActiveCfg = Debug|Any CPU
		{F875E26B-4775-4E62-AB2E-1487F6CE7AF3}.Debug|iPhoneSimulator.Build.0 = Debug|Any CPU
		{F875E26B-4775-4E62-AB2E-1487F6CE7AF3}.Debug|iPhoneSimulator.Deploy.0 = Debug|Any CPU
		{F875E26B-4775-4E62-AB2E-1487F6CE7AF3}.Debug|x64.ActiveCfg = Debug|Any CPU
		{F875E26B-4775-4E62-AB2E-1487F6CE7AF3}.Debug|x64.Build.0 = Debug|Any CPU
		{F875E26B-4775-4E62-AB2E-1487F6CE7AF3}.Debug|x64.Deploy.0 = Debug|Any CPU
		{F875E26B-4775-4E62-AB2E-1487F6CE7AF3}.Debug|x86.ActiveCfg = Debug|Any CPU
		{F875E26B-4775-4E62-AB2E-1487F6CE7AF3}.Debug|x86.Build.0 = Debug|Any CPU
		{F875E26B-4775-4E62-AB2E-1487F6CE7AF3}.Debug|x86.Deploy.0 = Debug|Any CPU
		{F875E26B-4775-4E62-AB2E-1487F6CE7AF3}.Release|Any CPU.ActiveCfg = Release|Any CPU
		{F875E26B-4775-4E62-AB2E-1487F6CE7AF3}.Release|Any CPU.Build.0 = Release|Any CPU
		{F875E26B-4775-4E62-AB2E-1487F6CE7AF3}.Release|Any CPU.Deploy.0 = Release|Any CPU
		{F875E26B-4775-4E62-AB2E-1487F6CE7AF3}.Release|ARM.ActiveCfg = Release|Any CPU
		{F875E26B-4775-4E62-AB2E-1487F6CE7AF3}.Release|ARM.Build.0 = Release|Any CPU
		{F875E26B-4775-4E62-AB2E-1487F6CE7AF3}.Release|ARM.Deploy.0 = Release|Any CPU
		{F875E26B-4775-4E62-AB2E-1487F6CE7AF3}.Release|iPhone.ActiveCfg = Release|Any CPU
		{F875E26B-4775-4E62-AB2E-1487F6CE7AF3}.Release|iPhone.Build.0 = Release|Any CPU
		{F875E26B-4775-4E62-AB2E-1487F6CE7AF3}.Release|iPhone.Deploy.0 = Release|Any CPU
		{F875E26B-4775-4E62-AB2E-1487F6CE7AF3}.Release|iPhoneSimulator.ActiveCfg = Release|Any CPU
		{F875E26B-4775-4E62-AB2E-1487F6CE7AF3}.Release|iPhoneSimulator.Build.0 = Release|Any CPU
		{F875E26B-4775-4E62-AB2E-1487F6CE7AF3}.Release|iPhoneSimulator.Deploy.0 = Release|Any CPU
		{F875E26B-4775-4E62-AB2E-1487F6CE7AF3}.Release|x64.ActiveCfg = Release|Any CPU
		{F875E26B-4775-4E62-AB2E-1487F6CE7AF3}.Release|x64.Build.0 = Release|Any CPU
		{F875E26B-4775-4E62-AB2E-1487F6CE7AF3}.Release|x64.Deploy.0 = Release|Any CPU
		{F875E26B-4775-4E62-AB2E-1487F6CE7AF3}.Release|x86.ActiveCfg = Release|Any CPU
		{F875E26B-4775-4E62-AB2E-1487F6CE7AF3}.Release|x86.Build.0 = Release|Any CPU
		{F875E26B-4775-4E62-AB2E-1487F6CE7AF3}.Release|x86.Deploy.0 = Release|Any CPU
		{6F7F209D-16D0-401F-A9B7-BE3ED86FCE7A}.Ad-Hoc|Any CPU.ActiveCfg = Release|Any CPU
		{6F7F209D-16D0-401F-A9B7-BE3ED86FCE7A}.Ad-Hoc|Any CPU.Build.0 = Release|Any CPU
		{6F7F209D-16D0-401F-A9B7-BE3ED86FCE7A}.Ad-Hoc|ARM.ActiveCfg = Release|Any CPU
		{6F7F209D-16D0-401F-A9B7-BE3ED86FCE7A}.Ad-Hoc|ARM.Build.0 = Release|Any CPU
		{6F7F209D-16D0-401F-A9B7-BE3ED86FCE7A}.Ad-Hoc|iPhone.ActiveCfg = Release|Any CPU
		{6F7F209D-16D0-401F-A9B7-BE3ED86FCE7A}.Ad-Hoc|iPhone.Build.0 = Release|Any CPU
		{6F7F209D-16D0-401F-A9B7-BE3ED86FCE7A}.Ad-Hoc|iPhoneSimulator.ActiveCfg = Release|Any CPU
		{6F7F209D-16D0-401F-A9B7-BE3ED86FCE7A}.Ad-Hoc|iPhoneSimulator.Build.0 = Release|Any CPU
		{6F7F209D-16D0-401F-A9B7-BE3ED86FCE7A}.Ad-Hoc|x64.ActiveCfg = Release|Any CPU
		{6F7F209D-16D0-401F-A9B7-BE3ED86FCE7A}.Ad-Hoc|x64.Build.0 = Release|Any CPU
		{6F7F209D-16D0-401F-A9B7-BE3ED86FCE7A}.Ad-Hoc|x86.ActiveCfg = Release|Any CPU
		{6F7F209D-16D0-401F-A9B7-BE3ED86FCE7A}.Ad-Hoc|x86.Build.0 = Release|Any CPU
		{6F7F209D-16D0-401F-A9B7-BE3ED86FCE7A}.AppStore|Any CPU.ActiveCfg = Release|Any CPU
		{6F7F209D-16D0-401F-A9B7-BE3ED86FCE7A}.AppStore|Any CPU.Build.0 = Release|Any CPU
		{6F7F209D-16D0-401F-A9B7-BE3ED86FCE7A}.AppStore|ARM.ActiveCfg = Release|Any CPU
		{6F7F209D-16D0-401F-A9B7-BE3ED86FCE7A}.AppStore|ARM.Build.0 = Release|Any CPU
		{6F7F209D-16D0-401F-A9B7-BE3ED86FCE7A}.AppStore|iPhone.ActiveCfg = Release|Any CPU
		{6F7F209D-16D0-401F-A9B7-BE3ED86FCE7A}.AppStore|iPhone.Build.0 = Release|Any CPU
		{6F7F209D-16D0-401F-A9B7-BE3ED86FCE7A}.AppStore|iPhoneSimulator.ActiveCfg = Release|Any CPU
		{6F7F209D-16D0-401F-A9B7-BE3ED86FCE7A}.AppStore|iPhoneSimulator.Build.0 = Release|Any CPU
		{6F7F209D-16D0-401F-A9B7-BE3ED86FCE7A}.AppStore|x64.ActiveCfg = Release|Any CPU
		{6F7F209D-16D0-401F-A9B7-BE3ED86FCE7A}.AppStore|x64.Build.0 = Release|Any CPU
		{6F7F209D-16D0-401F-A9B7-BE3ED86FCE7A}.AppStore|x86.ActiveCfg = Release|Any CPU
		{6F7F209D-16D0-401F-A9B7-BE3ED86FCE7A}.AppStore|x86.Build.0 = Release|Any CPU
		{6F7F209D-16D0-401F-A9B7-BE3ED86FCE7A}.Debug|Any CPU.ActiveCfg = Debug|Any CPU
		{6F7F209D-16D0-401F-A9B7-BE3ED86FCE7A}.Debug|Any CPU.Build.0 = Debug|Any CPU
		{6F7F209D-16D0-401F-A9B7-BE3ED86FCE7A}.Debug|ARM.ActiveCfg = Debug|Any CPU
		{6F7F209D-16D0-401F-A9B7-BE3ED86FCE7A}.Debug|ARM.Build.0 = Debug|Any CPU
		{6F7F209D-16D0-401F-A9B7-BE3ED86FCE7A}.Debug|iPhone.ActiveCfg = Debug|Any CPU
		{6F7F209D-16D0-401F-A9B7-BE3ED86FCE7A}.Debug|iPhone.Build.0 = Debug|Any CPU
		{6F7F209D-16D0-401F-A9B7-BE3ED86FCE7A}.Debug|iPhoneSimulator.ActiveCfg = Debug|Any CPU
		{6F7F209D-16D0-401F-A9B7-BE3ED86FCE7A}.Debug|iPhoneSimulator.Build.0 = Debug|Any CPU
		{6F7F209D-16D0-401F-A9B7-BE3ED86FCE7A}.Debug|x64.ActiveCfg = Debug|Any CPU
		{6F7F209D-16D0-401F-A9B7-BE3ED86FCE7A}.Debug|x64.Build.0 = Debug|Any CPU
		{6F7F209D-16D0-401F-A9B7-BE3ED86FCE7A}.Debug|x86.ActiveCfg = Debug|Any CPU
		{6F7F209D-16D0-401F-A9B7-BE3ED86FCE7A}.Debug|x86.Build.0 = Debug|Any CPU
		{6F7F209D-16D0-401F-A9B7-BE3ED86FCE7A}.Release|Any CPU.ActiveCfg = Release|Any CPU
		{6F7F209D-16D0-401F-A9B7-BE3ED86FCE7A}.Release|Any CPU.Build.0 = Release|Any CPU
		{6F7F209D-16D0-401F-A9B7-BE3ED86FCE7A}.Release|ARM.ActiveCfg = Release|Any CPU
		{6F7F209D-16D0-401F-A9B7-BE3ED86FCE7A}.Release|ARM.Build.0 = Release|Any CPU
		{6F7F209D-16D0-401F-A9B7-BE3ED86FCE7A}.Release|iPhone.ActiveCfg = Release|Any CPU
		{6F7F209D-16D0-401F-A9B7-BE3ED86FCE7A}.Release|iPhone.Build.0 = Release|Any CPU
		{6F7F209D-16D0-401F-A9B7-BE3ED86FCE7A}.Release|iPhoneSimulator.ActiveCfg = Release|Any CPU
		{6F7F209D-16D0-401F-A9B7-BE3ED86FCE7A}.Release|iPhoneSimulator.Build.0 = Release|Any CPU
		{6F7F209D-16D0-401F-A9B7-BE3ED86FCE7A}.Release|x64.ActiveCfg = Release|Any CPU
		{6F7F209D-16D0-401F-A9B7-BE3ED86FCE7A}.Release|x64.Build.0 = Release|Any CPU
		{6F7F209D-16D0-401F-A9B7-BE3ED86FCE7A}.Release|x86.ActiveCfg = Release|Any CPU
		{6F7F209D-16D0-401F-A9B7-BE3ED86FCE7A}.Release|x86.Build.0 = Release|Any CPU
		{9E34CFB5-C624-42F8-91E8-8B47FE4743C6}.Ad-Hoc|Any CPU.ActiveCfg = Release|x86
		{9E34CFB5-C624-42F8-91E8-8B47FE4743C6}.Ad-Hoc|Any CPU.Build.0 = Release|x86
		{9E34CFB5-C624-42F8-91E8-8B47FE4743C6}.Ad-Hoc|Any CPU.Deploy.0 = Release|x86
		{9E34CFB5-C624-42F8-91E8-8B47FE4743C6}.Ad-Hoc|ARM.ActiveCfg = Release|ARM
		{9E34CFB5-C624-42F8-91E8-8B47FE4743C6}.Ad-Hoc|ARM.Build.0 = Release|ARM
		{9E34CFB5-C624-42F8-91E8-8B47FE4743C6}.Ad-Hoc|ARM.Deploy.0 = Release|ARM
		{9E34CFB5-C624-42F8-91E8-8B47FE4743C6}.Ad-Hoc|iPhone.ActiveCfg = Release|x86
		{9E34CFB5-C624-42F8-91E8-8B47FE4743C6}.Ad-Hoc|iPhone.Build.0 = Release|x86
		{9E34CFB5-C624-42F8-91E8-8B47FE4743C6}.Ad-Hoc|iPhone.Deploy.0 = Release|x86
		{9E34CFB5-C624-42F8-91E8-8B47FE4743C6}.Ad-Hoc|iPhoneSimulator.ActiveCfg = Release|x86
		{9E34CFB5-C624-42F8-91E8-8B47FE4743C6}.Ad-Hoc|iPhoneSimulator.Build.0 = Release|x86
		{9E34CFB5-C624-42F8-91E8-8B47FE4743C6}.Ad-Hoc|iPhoneSimulator.Deploy.0 = Release|x86
		{9E34CFB5-C624-42F8-91E8-8B47FE4743C6}.Ad-Hoc|x64.ActiveCfg = Release|x64
		{9E34CFB5-C624-42F8-91E8-8B47FE4743C6}.Ad-Hoc|x64.Build.0 = Release|x64
		{9E34CFB5-C624-42F8-91E8-8B47FE4743C6}.Ad-Hoc|x64.Deploy.0 = Release|x64
		{9E34CFB5-C624-42F8-91E8-8B47FE4743C6}.Ad-Hoc|x86.ActiveCfg = Release|x86
		{9E34CFB5-C624-42F8-91E8-8B47FE4743C6}.Ad-Hoc|x86.Build.0 = Release|x86
		{9E34CFB5-C624-42F8-91E8-8B47FE4743C6}.Ad-Hoc|x86.Deploy.0 = Release|x86
		{9E34CFB5-C624-42F8-91E8-8B47FE4743C6}.AppStore|Any CPU.ActiveCfg = Release|x86
		{9E34CFB5-C624-42F8-91E8-8B47FE4743C6}.AppStore|Any CPU.Build.0 = Release|x86
		{9E34CFB5-C624-42F8-91E8-8B47FE4743C6}.AppStore|Any CPU.Deploy.0 = Release|x86
		{9E34CFB5-C624-42F8-91E8-8B47FE4743C6}.AppStore|ARM.ActiveCfg = Release|ARM
		{9E34CFB5-C624-42F8-91E8-8B47FE4743C6}.AppStore|ARM.Build.0 = Release|ARM
		{9E34CFB5-C624-42F8-91E8-8B47FE4743C6}.AppStore|ARM.Deploy.0 = Release|ARM
		{9E34CFB5-C624-42F8-91E8-8B47FE4743C6}.AppStore|iPhone.ActiveCfg = Release|x86
		{9E34CFB5-C624-42F8-91E8-8B47FE4743C6}.AppStore|iPhone.Build.0 = Release|x86
		{9E34CFB5-C624-42F8-91E8-8B47FE4743C6}.AppStore|iPhone.Deploy.0 = Release|x86
		{9E34CFB5-C624-42F8-91E8-8B47FE4743C6}.AppStore|iPhoneSimulator.ActiveCfg = Release|x86
		{9E34CFB5-C624-42F8-91E8-8B47FE4743C6}.AppStore|iPhoneSimulator.Build.0 = Release|x86
		{9E34CFB5-C624-42F8-91E8-8B47FE4743C6}.AppStore|iPhoneSimulator.Deploy.0 = Release|x86
		{9E34CFB5-C624-42F8-91E8-8B47FE4743C6}.AppStore|x64.ActiveCfg = Release|x64
		{9E34CFB5-C624-42F8-91E8-8B47FE4743C6}.AppStore|x64.Build.0 = Release|x64
		{9E34CFB5-C624-42F8-91E8-8B47FE4743C6}.AppStore|x64.Deploy.0 = Release|x64
		{9E34CFB5-C624-42F8-91E8-8B47FE4743C6}.AppStore|x86.ActiveCfg = Release|x86
		{9E34CFB5-C624-42F8-91E8-8B47FE4743C6}.AppStore|x86.Build.0 = Release|x86
		{9E34CFB5-C624-42F8-91E8-8B47FE4743C6}.AppStore|x86.Deploy.0 = Release|x86
		{9E34CFB5-C624-42F8-91E8-8B47FE4743C6}.Debug|Any CPU.ActiveCfg = Debug|x86
		{9E34CFB5-C624-42F8-91E8-8B47FE4743C6}.Debug|Any CPU.Build.0 = Debug|x86
		{9E34CFB5-C624-42F8-91E8-8B47FE4743C6}.Debug|Any CPU.Deploy.0 = Debug|x86
		{9E34CFB5-C624-42F8-91E8-8B47FE4743C6}.Debug|ARM.ActiveCfg = Debug|ARM
		{9E34CFB5-C624-42F8-91E8-8B47FE4743C6}.Debug|ARM.Build.0 = Debug|ARM
		{9E34CFB5-C624-42F8-91E8-8B47FE4743C6}.Debug|ARM.Deploy.0 = Debug|ARM
		{9E34CFB5-C624-42F8-91E8-8B47FE4743C6}.Debug|iPhone.ActiveCfg = Debug|x86
		{9E34CFB5-C624-42F8-91E8-8B47FE4743C6}.Debug|iPhoneSimulator.ActiveCfg = Debug|x86
		{9E34CFB5-C624-42F8-91E8-8B47FE4743C6}.Debug|x64.ActiveCfg = Debug|x64
		{9E34CFB5-C624-42F8-91E8-8B47FE4743C6}.Debug|x64.Build.0 = Debug|x64
		{9E34CFB5-C624-42F8-91E8-8B47FE4743C6}.Debug|x64.Deploy.0 = Debug|x64
		{9E34CFB5-C624-42F8-91E8-8B47FE4743C6}.Debug|x86.ActiveCfg = Debug|x86
		{9E34CFB5-C624-42F8-91E8-8B47FE4743C6}.Debug|x86.Build.0 = Debug|x86
		{9E34CFB5-C624-42F8-91E8-8B47FE4743C6}.Debug|x86.Deploy.0 = Debug|x86
		{9E34CFB5-C624-42F8-91E8-8B47FE4743C6}.Release|Any CPU.ActiveCfg = Release|x86
		{9E34CFB5-C624-42F8-91E8-8B47FE4743C6}.Release|ARM.ActiveCfg = Release|ARM
		{9E34CFB5-C624-42F8-91E8-8B47FE4743C6}.Release|ARM.Build.0 = Release|ARM
		{9E34CFB5-C624-42F8-91E8-8B47FE4743C6}.Release|ARM.Deploy.0 = Release|ARM
		{9E34CFB5-C624-42F8-91E8-8B47FE4743C6}.Release|iPhone.ActiveCfg = Release|x86
		{9E34CFB5-C624-42F8-91E8-8B47FE4743C6}.Release|iPhoneSimulator.ActiveCfg = Release|x86
		{9E34CFB5-C624-42F8-91E8-8B47FE4743C6}.Release|x64.ActiveCfg = Release|x64
		{9E34CFB5-C624-42F8-91E8-8B47FE4743C6}.Release|x64.Build.0 = Release|x64
		{9E34CFB5-C624-42F8-91E8-8B47FE4743C6}.Release|x64.Deploy.0 = Release|x64
		{9E34CFB5-C624-42F8-91E8-8B47FE4743C6}.Release|x86.ActiveCfg = Release|x86
		{9E34CFB5-C624-42F8-91E8-8B47FE4743C6}.Release|x86.Build.0 = Release|x86
		{9E34CFB5-C624-42F8-91E8-8B47FE4743C6}.Release|x86.Deploy.0 = Release|x86
		{3969A52B-29F1-4EC6-BBF2-A5F9C747D563}.Ad-Hoc|Any CPU.ActiveCfg = Ad-Hoc|iPhone
		{3969A52B-29F1-4EC6-BBF2-A5F9C747D563}.Ad-Hoc|ARM.ActiveCfg = Ad-Hoc|iPhone
		{3969A52B-29F1-4EC6-BBF2-A5F9C747D563}.Ad-Hoc|iPhone.ActiveCfg = Ad-Hoc|iPhone
		{3969A52B-29F1-4EC6-BBF2-A5F9C747D563}.Ad-Hoc|iPhone.Build.0 = Ad-Hoc|iPhone
		{3969A52B-29F1-4EC6-BBF2-A5F9C747D563}.Ad-Hoc|iPhoneSimulator.ActiveCfg = Ad-Hoc|iPhoneSimulator
		{3969A52B-29F1-4EC6-BBF2-A5F9C747D563}.Ad-Hoc|iPhoneSimulator.Build.0 = Ad-Hoc|iPhoneSimulator
		{3969A52B-29F1-4EC6-BBF2-A5F9C747D563}.Ad-Hoc|x64.ActiveCfg = Ad-Hoc|iPhone
		{3969A52B-29F1-4EC6-BBF2-A5F9C747D563}.Ad-Hoc|x86.ActiveCfg = Ad-Hoc|iPhone
		{3969A52B-29F1-4EC6-BBF2-A5F9C747D563}.AppStore|Any CPU.ActiveCfg = AppStore|iPhone
		{3969A52B-29F1-4EC6-BBF2-A5F9C747D563}.AppStore|ARM.ActiveCfg = AppStore|iPhone
		{3969A52B-29F1-4EC6-BBF2-A5F9C747D563}.AppStore|iPhone.ActiveCfg = AppStore|iPhone
		{3969A52B-29F1-4EC6-BBF2-A5F9C747D563}.AppStore|iPhone.Build.0 = AppStore|iPhone
		{3969A52B-29F1-4EC6-BBF2-A5F9C747D563}.AppStore|iPhoneSimulator.ActiveCfg = AppStore|iPhoneSimulator
		{3969A52B-29F1-4EC6-BBF2-A5F9C747D563}.AppStore|iPhoneSimulator.Build.0 = AppStore|iPhoneSimulator
		{3969A52B-29F1-4EC6-BBF2-A5F9C747D563}.AppStore|x64.ActiveCfg = AppStore|iPhone
		{3969A52B-29F1-4EC6-BBF2-A5F9C747D563}.AppStore|x86.ActiveCfg = AppStore|iPhone
		{3969A52B-29F1-4EC6-BBF2-A5F9C747D563}.Debug|Any CPU.ActiveCfg = Debug|iPhoneSimulator
		{3969A52B-29F1-4EC6-BBF2-A5F9C747D563}.Debug|Any CPU.Build.0 = Debug|iPhoneSimulator
		{3969A52B-29F1-4EC6-BBF2-A5F9C747D563}.Debug|ARM.ActiveCfg = Debug|iPhone
		{3969A52B-29F1-4EC6-BBF2-A5F9C747D563}.Debug|iPhone.ActiveCfg = Debug|iPhone
		{3969A52B-29F1-4EC6-BBF2-A5F9C747D563}.Debug|iPhone.Build.0 = Debug|iPhone
		{3969A52B-29F1-4EC6-BBF2-A5F9C747D563}.Debug|iPhoneSimulator.ActiveCfg = Debug|iPhoneSimulator
		{3969A52B-29F1-4EC6-BBF2-A5F9C747D563}.Debug|iPhoneSimulator.Build.0 = Debug|iPhoneSimulator
		{3969A52B-29F1-4EC6-BBF2-A5F9C747D563}.Debug|x64.ActiveCfg = Debug|iPhone
		{3969A52B-29F1-4EC6-BBF2-A5F9C747D563}.Debug|x86.ActiveCfg = Debug|iPhone
		{3969A52B-29F1-4EC6-BBF2-A5F9C747D563}.Release|Any CPU.ActiveCfg = Release|iPhone
		{3969A52B-29F1-4EC6-BBF2-A5F9C747D563}.Release|ARM.ActiveCfg = Release|iPhone
		{3969A52B-29F1-4EC6-BBF2-A5F9C747D563}.Release|iPhone.ActiveCfg = Release|iPhone
		{3969A52B-29F1-4EC6-BBF2-A5F9C747D563}.Release|iPhone.Build.0 = Release|iPhone
		{3969A52B-29F1-4EC6-BBF2-A5F9C747D563}.Release|iPhoneSimulator.ActiveCfg = Release|iPhoneSimulator
		{3969A52B-29F1-4EC6-BBF2-A5F9C747D563}.Release|iPhoneSimulator.Build.0 = Release|iPhoneSimulator
		{3969A52B-29F1-4EC6-BBF2-A5F9C747D563}.Release|x64.ActiveCfg = Release|iPhone
		{3969A52B-29F1-4EC6-BBF2-A5F9C747D563}.Release|x86.ActiveCfg = Release|iPhone
	EndGlobalSection
	GlobalSection(SolutionProperties) = preSolution
		HideSolutionNode = FALSE
	EndGlobalSection
EndGlobal
